
Microsoft Visual Studio Solution File, Format Version 12.00
# Visual Studio Version 16
VisualStudioVersion = 16.0.31025.194
MinimumVisualStudioVersion = 10.0.40219.1
Project("{FAE04EC0-301F-11D3-BF4B-00C04F79EFBC}") = "StructureToMiniBlock", "StructureToMiniBlock\StructureToMiniBlock.csproj", "{FD00A12E-1501-4A95-8CDD-E551CD9D0F7F}"
EndProject
Global
	GlobalSection(SolutionConfigurationPlatforms) = preSolution
		Debug|Any CPU = Debug|Any CPU
		Release|Any CPU = Release|Any CPU
	EndGlobalSection
	GlobalSection(ProjectConfigurationPlatforms) = postSolution
		{FD00A12E-1501-4A95-8CDD-E551CD9D0F7F}.Debug|Any CPU.ActiveCfg = Debug|Any CPU
		{FD00A12E-1501-4A95-8CDD-E551CD9D0F7F}.Debug|Any CPU.Build.0 = Debug|Any CPU
		{FD00A12E-1501-4A95-8CDD-E551CD9D0F7F}.Release|Any CPU.ActiveCfg = Release|Any CPU
		{FD00A12E-1501-4A95-8CDD-E551CD9D0F7F}.Release|Any CPU.Build.0 = Release|Any CPU
	EndGlobalSection
	GlobalSection(SolutionProperties) = preSolution
		HideSolutionNode = FALSE
	EndGlobalSection
	GlobalSection(ExtensibilityGlobals) = postSolution
		SolutionGuid = {EFDE8A5E-7F6C-4EBF-AFE7-B4D6D6255527}
	EndGlobalSection
EndGlobal
